# THIS IS AN AUTOGENERATED FILE. DO NOT EDIT THIS FILE DIRECTLY.
# yarn lockfile v1


"@swc/core-darwin-arm64@1.15.18":
  version "1.15.18"
  resolved "https://registry.yarnpkg.com/@swc/core-darwin-arm64/-/core-darwin-arm64-1.15.18.tgz#fb487392f7bbe3179166b9b0d128916e39a627af"
  integrity sha512-+mIv7uBuSaywN3C9LNuWaX1jJJ3SKfiJuE6Lr3bd+/1Iv8oMU7oLBjYMluX1UrEPzwN2qCdY6Io0yVicABoCwQ==

"@swc/core-darwin-x64@1.15.18":
  version "1.15.18"
  resolved "https://registry.yarnpkg.com/@swc/core-darwin-x64/-/core-darwin-x64-1.15.18.tgz#0e11fb0a80ebd56cb4417138a938ffc789ead492"
  integrity sha512-wZle0eaQhnzxWX5V/2kEOI6Z9vl/lTFEC6V4EWcn+5pDjhemCpQv9e/TDJ0GIoiClX8EDWRvuZwh+Z3dhL1NAg==

"@swc/core-linux-arm-gnueabihf@1.15.18":
  version "1.15.18"
  resolved "https://registry.yarnpkg.com/@swc/core-linux-arm-gnueabihf/-/core-linux-arm-gnueabihf-1.15.18.tgz#e7cac4b46d66dfd6b0fedea68877a5678fcf3579"
  integrity sha512-ao61HGXVqrJFHAcPtF4/DegmwEkVCo4HApnotLU8ognfmU8x589z7+tcf3hU+qBiU1WOXV5fQX6W9Nzs6hjxDw==

"@swc/core-linux-arm64-gnu@1.15.18":
  version "1.15.18"
  resolved "https://registry.yarnpkg.com/@swc/core-linux-arm64-gnu/-/core-linux-arm64-gnu-1.15.18.tgz#ca888f41be89887f9f6b4afd1cc38a1a596a655d"
  integrity sha512-3xnctOBLIq3kj8PxOCgPrGjBLP/kNOddr6f5gukYt/1IZxsITQaU9TDyjeX6jG+FiCIHjCuWuffsyQDL5Ew1bg==

"@swc/core-linux-arm64-musl@1.15.18":
  version "1.15.18"
  resolved "https://registry.yarnpkg.com/@swc/core-linux-arm64-musl/-/core-linux-arm64-musl-1.15.18.tgz#292bb894cf08be522487897f6e2a616cbdd6198a"
  integrity sha512-0a+Lix+FSSHBSBOA0XznCcHo5/1nA6oLLjcnocvzXeqtdjnPb+SvchItHI+lfeiuj1sClYPDvPMLSLyXFaiIKw==

"@swc/core-linux-x64-gnu@1.15.18":
  version "1.15.18"
  resolved "https://registry.yarnpkg.com/@swc/core-linux-x64-gnu/-/core-linux-x64-gnu-1.15.18.tgz#2241fd6a01d88bac32334812660d80ebae88fd12"
  integrity sha512-wG9J8vReUlpaHz4KOD/5UE1AUgirimU4UFT9oZmupUDEofxJKYb1mTA/DrMj0s78bkBiNI+7Fo2EgPuvOJfuAA==

"@swc/core-linux-x64-musl@1.15.18":
  version "1.15.18"
  resolved "https://registry.yarnpkg.com/@swc/core-linux-x64-musl/-/core-linux-x64-musl-1.15.18.tgz#7d70f02a383d9dbae18b0d2906ee8b49dfb0b533"
  integrity sha512-4nwbVvCphKzicwNWRmvD5iBaZj8JYsRGa4xOxJmOyHlMDpsvvJ2OR2cODlvWyGFH6BYL1MfIAK3qph3hp0Az6g==

"@swc/core-win32-arm64-msvc@1.15.18":
  version "1.15.18"
  resolved "https://registry.yarnpkg.com/@swc/core-win32-arm64-msvc/-/core-win32-arm64-msvc-1.15.18.tgz#6ea2b41d224a5ac84e1addf19fbc584e49698b08"
  integrity sha512-zk0RYO+LjiBCat2RTMHzAWaMky0cra9loH4oRrLKLLNuL+jarxKLFDA8xTZWEkCPLjUTwlRN7d28eDLLMgtUcQ==

"@swc/core-win32-ia32-msvc@1.15.18":
  version "1.15.18"
  resolved "https://registry.yarnpkg.com/@swc/core-win32-ia32-msvc/-/core-win32-ia32-msvc-1.15.18.tgz#0c498802837ef53452c744964cac1391eb889e4d"
  integrity sha512-yVuTrZ0RccD5+PEkpcLOBAuPbYBXS6rslENvIXfvJGXSdX5QGi1ehC4BjAMl5FkKLiam4kJECUI0l7Hq7T1vwg==

"@swc/core-win32-x64-msvc@1.15.18":
  version "1.15.18"
  resolved "https://registry.yarnpkg.com/@swc/core-win32-x64-msvc/-/core-win32-x64-msvc-1.15.18.tgz#878b48b38225680aad1e486880a6835461519e53"
  integrity sha512-7NRmE4hmUQNCbYU3Hn9Tz57mK9Qq4c97ZS+YlamlK6qG9Fb5g/BB3gPDe0iLlJkns/sYv2VWSkm8c3NmbEGjbg==

"@swc/core@^1.2.177":
  version "1.15.18"
  resolved "https://registry.yarnpkg.com/@swc/core/-/core-1.15.18.tgz#9eed29c0267d2c262391d4a2e75a3978e3f9dc74"
  integrity sha512-z87aF9GphWp//fnkRsqvtY+inMVPgYW3zSlXH1kJFvRT5H/wiAn+G32qW5l3oEk63KSF1x3Ov0BfHCObAmT8RA==
  dependencies:
    "@swc/counter" "^0.1.3"
    "@swc/types" "^0.1.25"
  optionalDependencies:
    "@swc/core-darwin-arm64" "1.15.18"
    "@swc/core-darwin-x64" "1.15.18"
    "@swc/core-linux-arm-gnueabihf" "1.15.18"
    "@swc/core-linux-arm64-gnu" "1.15.18"
    "@swc/core-linux-arm64-musl" "1.15.18"
    "@swc/core-linux-x64-gnu" "1.15.18"
    "@swc/core-linux-x64-musl" "1.15.18"
    "@swc/core-win32-arm64-msvc" "1.15.18"
    "@swc/core-win32-ia32-msvc" "1.15.18"
    "@swc/core-win32-x64-msvc" "1.15.18"

"@swc/counter@^0.1.3":
  version "0.1.3"
  resolved "https://registry.yarnpkg.com/@swc/counter/-/counter-0.1.3.tgz#cc7463bd02949611c6329596fccd2b0ec782b0e9"
  integrity sha512-e2BR4lsJkkRlKZ/qCHPw9ZaSxc0MVUd7gtbtaB7aMvHeJVYe8sOB8DBZkP2DtISHGSku9sCK6T6cnY0CtXrOCQ==

"@swc/types@^0.1.25":
  version "0.1.25"
  resolved "https://registry.yarnpkg.com/@swc/types/-/types-0.1.25.tgz#b517b2a60feb37dd933e542d93093719e4cf1078"
  integrity sha512-iAoY/qRhNH8a/hBvm3zKj9qQ4oc2+3w1unPJa2XvTK3XjeLXtzcCingVPw/9e5mn1+0yPqxcBGp9Jf0pkfMb1g==
  dependencies:
    "@swc/counter" "^0.1.3"

"@types/node@^17.0.31":
  version "17.0.45"
  resolved "https://registry.yarnpkg.com/@types/node/-/node-17.0.45.tgz#2c0fafd78705e7a18b7906b5201a522719dc5190"
  integrity sha512-w+tIMs3rq2afQdsPJlODhoUEKzFP1ayaoyl1CcnwtIlsVe7K7bA1NGm4s3PraqTLlXnbIN84zuBlxBWo1u9BLw==

emitkit@^1.3.0:
  version "1.3.1"
  resolved "https://registry.yarnpkg.com/emitkit/-/emitkit-1.3.1.tgz#c5537361014a8e334ed6e280da097fdc83c2d5a3"
  integrity sha512-5UCKA+PymrheLJYzq/u6ehmYRiFQ0Ld95xfDDVMWj3eZMCz0wnrvKw1N1WpvfLxRnCjFIqvk4FNREFbLvAupQA==
  dependencies:
    "@swc/core" "^1.2.177"

typescript@^4.6.4:
  version "4.9.5"
  resolved "https://registry.yarnpkg.com/typescript/-/typescript-4.9.5.tgz#095979f9bcc0d09da324d58d03ce8f8374cbe65a"
  integrity sha512-1FXk9E2Hm+QzZQ7z+McJiHL4NW1F2EzMu9Nq9i3zAaGqibafqYwCVU6WyWAuyQRRzOlxou8xZSyXLEN8oKj24g==
